// !$*UTF8*$!
{
	archiveVersion = 1;
	classes = {
	};
	objectVersion = 46;
	objects = {

/* Begin PBXBuildFile section */
		DAE9F41419A45749007A909B /* Foundation.framework in Frameworks */ = {isa = PBXBuildFile; fileRef = DAE9F41319A45749007A909B /* Foundation.framework */; };
		DAE9F41619A45749007A909B /* CoreGraphics.framework in Frameworks */ = {isa = PBXBuildFile; fileRef = DAE9F41519A45749007A909B /* CoreGraphics.framework */; };
		DAE9F41819A45749007A909B /* UIKit.framework in Frameworks */ = {isa = PBXBuildFile; fileRef = DAE9F41719A45749007A909B /* UIKit.framework */; };
		DAE9F41E19A45749007A909B /* InfoPlist.strings in Resources */ = {isa = PBXBuildFile; fileRef = DAE9F41C19A45749007A909B /* InfoPlist.strings */; };
		DAE9F42019A45749007A909B /* main.m in Sources */ = {isa = PBXBuildFile; fileRef = DAE9F41F19A45749007A909B /* main.m */; };
		DAE9F42419A45749007A909B /* AppDelegate.m in Sources */ = {isa = PBXBuildFile; fileRef = DAE9F42319A45749007A909B /* AppDelegate.m */; };
		DAE9F42719A45749007A909B /* Main.storyboard in Resources */ = {isa = PBXBuildFile; fileRef = DAE9F42519A45749007A909B /* Main.storyboard */; };
		DAE9F42A19A45749007A909B /* FirstViewController.m in Sources */ = {isa = PBXBuildFile; fileRef = DAE9F42919A45749007A909B /* FirstViewController.m */; };
		DAE9F42D19A45749007A909B /* SecondViewController.m in Sources */ = {isa = PBXBuildFile; fileRef = DAE9F42C19A45749007A909B /* SecondViewController.m */; };
		DAE9F42F19A45749007A909B /* Images.xcassets in Resources */ = {isa = PBXBuildFile; fileRef = DAE9F42E19A45749007A909B /* Images.xcassets */; };
		DAE9F43619A45749007A909B /* XCTest.framework in Frameworks */ = {isa = PBXBuildFile; fileRef = DAE9F43519A45749007A909B /* XCTest.framework */; };
		DAE9F43719A45749007A909B /* Foundation.framework in Frameworks */ = {isa = PBXBuildFile; fileRef = DAE9F41319A45749007A909B /* Foundation.framework */; };
		DAE9F43819A45749007A909B /* UIKit.framework in Frameworks */ = {isa = PBXBuildFile; fileRef = DAE9F41719A45749007A909B /* UIKit.framework */; };
		DAE9F44019A45749007A909B /* InfoPlist.strings in Resources */ = {isa = PBXBuildFile; fileRef = DAE9F43E19A45749007A909B /* InfoPlist.strings */; };
		DAE9F44219A45749007A909B /* CycleAssist_Tests.m in Sources */ = {isa = PBXBuildFile; fileRef = DAE9F44119A45749007A909B /* CycleAssist_Tests.m */; };
		DAE9F44C19A58450007A909B /* MapKit.framework in Frameworks */ = {isa = PBXBuildFile; fileRef = DAE9F44B19A58450007A909B /* MapKit.framework */; };
		DAE9F44F19A5946A007A909B /* CoreLocation.framework in Frameworks */ = {isa = PBXBuildFile; fileRef = DAE9F44E19A5946A007A909B /* CoreLocation.framework */; };
		DAE9F76A19A6D630007A909B /* iPhone-5-Gradient-Background-09.jpg in Resources */ = {isa = PBXBuildFile; fileRef = DAE9F76919A6D630007A909B /* iPhone-5-Gradient-Background-09.jpg */; };
		DAE9F76C19A6D690007A909B /* iPhone-5-Gradient-Background-03.jpg in Resources */ = {isa = PBXBuildFile; fileRef = DAE9F76B19A6D690007A909B /* iPhone-5-Gradient-Background-03.jpg */; };
		DAE9F76E19A6D73A007A909B /* 864x1536x80454a6c9eaed8f3301e52d.jpg in Resources */ = {isa = PBXBuildFile; fileRef = DAE9F76D19A6D73A007A909B /* 864x1536x80454a6c9eaed8f3301e52d.jpg */; };
/* End PBXBuildFile section */

/* Begin PBXContainerItemProxy section */
		DAE9F43919A45749007A909B /* PBXContainerItemProxy */ = {
			isa = PBXContainerItemProxy;
			containerPortal = DAE9F40819A45749007A909B /* Project object */;
			proxyType = 1;
			remoteGlobalIDString = DAE9F40F19A45749007A909B;
			remoteInfo = "CycleAssist!";
		};
/* End PBXContainerItemProxy section */

/* Begin PBXFileReference section */
		DAE9F41019A45749007A909B /* CycleAssist!.app */ = {isa = PBXFileReference; explicitFileType = wrapper.application; includeInIndex = 0; path = "CycleAssist!.app"; sourceTree = BUILT_PRODUCTS_DIR; };
		DAE9F41319A45749007A909B /* Foundation.framework */ = {isa = PBXFileReference; lastKnownFileType = wrapper.framework; name = Foundation.framework; path = System/Library/Frameworks/Foundation.framework; sourceTree = SDKROOT; };
		DAE9F41519A45749007A909B /* CoreGraphics.framework */ = {isa = PBXFileReference; lastKnownFileType = wrapper.framework; name = CoreGraphics.framework; path = System/Library/Frameworks/CoreGraphics.framework; sourceTree = SDKROOT; };
		DAE9F41719A45749007A909B /* UIKit.framework */ = {isa = PBXFileReference; lastKnownFileType = wrapper.framework; name = UIKit.framework; path = System/Library/Frameworks/UIKit.framework; sourceTree = SDKROOT; };
		DAE9F41B19A45749007A909B /* CycleAssist!-Info.plist */ = {isa = PBXFileReference; lastKnownFileType = text.plist.xml; path = "CycleAssist!-Info.plist"; sourceTree = "<group>"; };
		DAE9F41D19A45749007A909B /* en */ = {isa = PBXFileReference; lastKnownFileType = text.plist.strings; name = en; path = en.lproj/InfoPlist.strings; sourceTree = "<group>"; };
		DAE9F41F19A45749007A909B /* main.m */ = {isa = PBXFileReference; lastKnownFileType = sourcecode.c.objc; path = main.m; sourceTree = "<group>"; };
		DAE9F42119A45749007A909B /* CycleAssist!-Prefix.pch */ = {isa = PBXFileReference; lastKnownFileType = sourcecode.c.h; path = "CycleAssist!-Prefix.pch"; sourceTree = "<group>"; };
		DAE9F42219A45749007A909B /* AppDelegate.h */ = {isa = PBXFileReference; lastKnownFileType = sourcecode.c.h; path = AppDelegate.h; sourceTree = "<group>"; };
		DAE9F42319A45749007A909B /* AppDelegate.m */ = {isa = PBXFileReference; lastKnownFileType = sourcecode.c.objc; path = AppDelegate.m; sourceTree = "<group>"; };
		DAE9F42619A45749007A909B /* Base */ = {isa = PBXFileReference; lastKnownFileType = file.storyboard; name = Base; path = Base.lproj/Main.storyboard; sourceTree = "<group>"; };
		DAE9F42819A45749007A909B /* FirstViewController.h */ = {isa = PBXFileReference; lastKnownFileType = sourcecode.c.h; path = FirstViewController.h; sourceTree = "<group>"; };
		DAE9F42919A45749007A909B /* FirstViewController.m */ = {isa = PBXFileReference; lastKnownFileType = sourcecode.c.objc; path = FirstViewController.m; sourceTree = "<group>"; };
		DAE9F42B19A45749007A909B /* SecondViewController.h */ = {isa = PBXFileReference; lastKnownFileType = sourcecode.c.h; path = SecondViewController.h; sourceTree = "<group>"; };
		DAE9F42C19A45749007A909B /* SecondViewController.m */ = {isa = PBXFileReference; lastKnownFileType = sourcecode.c.objc; path = SecondViewController.m; sourceTree = "<group>"; };
		DAE9F42E19A45749007A909B /* Images.xcassets */ = {isa = PBXFileReference; lastKnownFileType = folder.assetcatalog; path = Images.xcassets; sourceTree = "<group>"; };
		DAE9F43419A45749007A909B /* CycleAssist!Tests.xctest */ = {isa = PBXFileReference; explicitFileType = wrapper.cfbundle; includeInIndex = 0; path = "CycleAssist!Tests.xctest"; sourceTree = BUILT_PRODUCTS_DIR; };
		DAE9F43519A45749007A909B /* XCTest.framework */ = {isa = PBXFileReference; lastKnownFileType = wrapper.framework; name = XCTest.framework; path = Library/Frameworks/XCTest.framework; sourceTree = DEVELOPER_DIR; };
		DAE9F43D19A45749007A909B /* CycleAssist!Tests-Info.plist */ = {isa = PBXFileReference; lastKnownFileType = text.plist.xml; path = "CycleAssist!Tests-Info.plist"; sourceTree = "<group>"; };
		DAE9F43F19A45749007A909B /* en */ = {isa = PBXFileReference; lastKnownFileType = text.plist.strings; name = en; path = en.lproj/InfoPlist.strings; sourceTree = "<group>"; };
		DAE9F44119A45749007A909B /* CycleAssist_Tests.m */ = {isa = PBXFileReference; lastKnownFileType = sourcecode.c.objc; path = CycleAssist_Tests.m; sourceTree = "<group>"; };
		DAE9F44B19A58450007A909B /* MapKit.framework */ = {isa = PBXFileReference; lastKnownFileType = wrapper.framework; name = MapKit.framework; path = System/Library/Frameworks/MapKit.framework; sourceTree = SDKROOT; };
		DAE9F44D19A58B4A007A909B /* MKMapView.h */ = {isa = PBXFileReference; lastKnownFileType = sourcecode.c.h; name = MKMapView.h; path = ../../../../../../Applications/Xcode.app/Contents/Developer/Platforms/iPhoneOS.platform/Developer/SDKs/iPhoneOS7.1.sdk/System/Library/Frameworks/MapKit.framework/Headers/MKMapView.h; sourceTree = "<group>"; };
		DAE9F44E19A5946A007A909B /* CoreLocation.framework */ = {isa = PBXFileReference; lastKnownFileType = wrapper.framework; name = CoreLocation.framework; path = System/Library/Frameworks/CoreLocation.framework; sourceTree = SDKROOT; };
		DAE9F76919A6D630007A909B /* iPhone-5-Gradient-Background-09.jpg */ = {isa = PBXFileReference; lastKnownFileType = image.jpeg; name = "iPhone-5-Gradient-Background-09.jpg"; path = "../../Desktop/Apps/CycleAssist/iPhone-5-Gradient-Background-09.jpg"; sourceTree = "<group>"; };
		DAE9F76B19A6D690007A909B /* iPhone-5-Gradient-Background-03.jpg */ = {isa = PBXFileReference; lastKnownFileType = image.jpeg; name = "iPhone-5-Gradient-Background-03.jpg"; path = "../../Desktop/Apps/CycleAssist/iPhone-5-Gradient-Background-03.jpg"; sourceTree = "<group>"; };
		DAE9F76D19A6D73A007A909B /* 864x1536x80454a6c9eaed8f3301e52d.jpg */ = {isa = PBXFileReference; lastKnownFileType = image.jpeg; name = 864x1536x80454a6c9eaed8f3301e52d.jpg; path = ../../Desktop/Apps/CycleAssist/864x1536x80454a6c9eaed8f3301e52d.jpg; sourceTree = "<group>"; };
/* End PBXFileReference section */

/* Begin PBXFrameworksBuildPhase section */
		DAE9F40D19A45749007A909B /* Frameworks */ = {
			isa = PBXFrameworksBuildPhase;
			buildActionMask = 2147483647;
			files = (
				DAE9F44F19A5946A007A909B /* CoreLocation.framework in Frameworks */,
				DAE9F44C19A58450007A909B /* MapKit.framework in Frameworks */,
				DAE9F41619A45749007A909B /* CoreGraphics.framework in Frameworks */,
				DAE9F41819A45749007A909B /* UIKit.framework in Frameworks */,
				DAE9F41419A45749007A909B /* Foundation.framework in Frameworks */,
			);
			runOnlyForDeploymentPostprocessing = 0;
		};
		DAE9F43119A45749007A909B /* Frameworks */ = {
			isa = PBXFrameworksBuildPhase;
			buildActionMask = 2147483647;
			files = (
				DAE9F43619A45749007A909B /* XCTest.framework in Frameworks */,
				DAE9F43819A45749007A909B /* UIKit.framework in Frameworks */,
				DAE9F43719A45749007A909B /* Foundation.framework in Frameworks */,
			);
			runOnlyForDeploymentPostprocessing = 0;
		};
/* End PBXFrameworksBuildPhase section */

/* Begin PBXGroup section */
		DAE9F40719A45749007A909B = {
			isa = PBXGroup;
			children = (
				DAE9F76D19A6D73A007A909B /* 864x1536x80454a6c9eaed8f3301e52d.jpg */,
				DAE9F76B19A6D690007A909B /* iPhone-5-Gradient-Background-03.jpg */,
				DAE9F76919A6D630007A909B /* iPhone-5-Gradient-Background-09.jpg */,
				DAE9F41919A45749007A909B /* CycleAssist! */,
				DAE9F43B19A45749007A909B /* CycleAssist!Tests */,
				DAE9F41219A45749007A909B /* Frameworks */,
				DAE9F41119A45749007A909B /* Products */,
			);
			sourceTree = "<group>";
		};
		DAE9F41119A45749007A909B /* Products */ = {
			isa = PBXGroup;
			children = (
				DAE9F41019A45749007A909B /* CycleAssist!.app */,
				DAE9F43419A45749007A909B /* CycleAssist!Tests.xctest */,
			);
			name = Products;
			sourceTree = "<group>";
		};
		DAE9F41219A45749007A909B /* Frameworks */ = {
			isa = PBXGroup;
			children = (
				DAE9F44E19A5946A007A909B /* CoreLocation.framework */,
				DAE9F44B19A58450007A909B /* MapKit.framework */,
				DAE9F41319A45749007A909B /* Foundation.framework */,
				DAE9F41519A45749007A909B /* CoreGraphics.framework */,
				DAE9F41719A45749007A909B /* UIKit.framework */,
				DAE9F43519A45749007A909B /* XCTest.framework */,
			);
			name = Frameworks;
			sourceTree = "<group>";
		};
		DAE9F41919A45749007A909B /* CycleAssist! */ = {
			isa = PBXGroup;
			children = (
				DAE9F76619A5FA89007A909B /* Json */,
				DAE9F42219A45749007A909B /* AppDelegate.h */,
				DAE9F42319A45749007A909B /* AppDelegate.m */,
				DAE9F42519A45749007A909B /* Main.storyboard */,
				DAE9F42819A45749007A909B /* FirstViewController.h */,
				DAE9F42919A45749007A909B /* FirstViewController.m */,
				DAE9F42B19A45749007A909B /* SecondViewController.h */,
				DAE9F42C19A45749007A909B /* SecondViewController.m */,
				DAE9F44D19A58B4A007A909B /* MKMapView.h */,
				DAE9F42E19A45749007A909B /* Images.xcassets */,
				DAE9F41A19A45749007A909B /* Supporting Files */,
			);
			path = "CycleAssist!";
			sourceTree = "<group>";
		};
		DAE9F41A19A45749007A909B /* Supporting Files */ = {
			isa = PBXGroup;
			children = (
				DAE9F41B19A45749007A909B /* CycleAssist!-Info.plist */,
				DAE9F41C19A45749007A909B /* InfoPlist.strings */,
				DAE9F41F19A45749007A909B /* main.m */,
				DAE9F42119A45749007A909B /* CycleAssist!-Prefix.pch */,
			);
			name = "Supporting Files";
			sourceTree = "<group>";
		};
		DAE9F43B19A45749007A909B /* CycleAssist!Tests */ = {
			isa = PBXGroup;
			children = (
				DAE9F44119A45749007A909B /* CycleAssist_Tests.m */,
				DAE9F43C19A45749007A909B /* Supporting Files */,
			);
			path = "CycleAssist!Tests";
			sourceTree = "<group>";
		};
		DAE9F43C19A45749007A909B /* Supporting Files */ = {
			isa = PBXGroup;
			children = (
				DAE9F43D19A45749007A909B /* CycleAssist!Tests-Info.plist */,
				DAE9F43E19A45749007A909B /* InfoPlist.strings */,
			);
			name = "Supporting Files";
			sourceTree = "<group>";
		};
		DAE9F76619A5FA89007A909B /* Json */ = {
			isa = PBXGroup;
			children = (
			);
			name = Json;
			sourceTree = "<group>";
		};
/* End PBXGroup section */

/* Begin PBXNativeTarget section */
		DAE9F40F19A45749007A909B /* CycleAssist! */ = {
			isa = PBXNativeTarget;
			buildConfigurationList = DAE9F44519A45749007A909B /* Build configuration list for PBXNativeTarget "CycleAssist!" */;
			buildPhases = (
				DAE9F40C19A45749007A909B /* Sources */,
				DAE9F40D19A45749007A909B /* Frameworks */,
				DAE9F40E19A45749007A909B /* Resources */,
			);
			buildRules = (
			);
			dependencies = (
			);
			name = "CycleAssist!";
			productName = "CycleAssist!";
			productReference = DAE9F41019A45749007A909B /* CycleAssist!.app */;
			productType = "com.apple.product-type.application";
		};
		DAE9F43319A45749007A909B /* CycleAssist!Tests */ = {
			isa = PBXNativeTarget;
			buildConfigurationList = DAE9F44819A45749007A909B /* Build configuration list for PBXNativeTarget "CycleAssist!Tests" */;
			buildPhases = (
				DAE9F43019A45749007A909B /* Sources */,
				DAE9F43119A45749007A909B /* Frameworks */,
				DAE9F43219A45749007A909B /* Resources */,
			);
			buildRules = (
			);
			dependencies = (
				DAE9F43A19A45749007A909B /* PBXTargetDependency */,
			);
			name = "CycleAssist!Tests";
			productName = "CycleAssist!Tests";
			productReference = DAE9F43419A45749007A909B /* CycleAssist!Tests.xctest */;
			productType = "com.apple.product-type.bundle.unit-test";
		};
/* End PBXNativeTarget section */

/* Begin PBXProject section */
		DAE9F40819A45749007A909B /* Project object */ = {
			isa = PBXProject;
			attributes = {
				LastUpgradeCheck = 0510;
				ORGANIZATIONNAME = "荻原大輔";
				TargetAttributes = {
					DAE9F43319A45749007A909B = {
						TestTargetID = DAE9F40F19A45749007A909B;
					};
				};
			};
			buildConfigurationList = DAE9F40B19A45749007A909B /* Build configuration list for PBXProject "CycleAssist!" */;
			compatibilityVersion = "Xcode 3.2";
			developmentRegion = English;
			hasScannedForEncodings = 0;
			knownRegions = (
				en,
				Base,
			);
			mainGroup = DAE9F40719A45749007A909B;
			productRefGroup = DAE9F41119A45749007A909B /* Products */;
			projectDirPath = "";
			projectRoot = "";
			targets = (
				DAE9F40F19A45749007A909B /* CycleAssist! */,
				DAE9F43319A45749007A909B /* CycleAssist!Tests */,
			);
		};
/* End PBXProject section */

/* Begin PBXResourcesBuildPhase section */
		DAE9F40E19A45749007A909B /* Resources */ = {
			isa = PBXResourcesBuildPhase;
			buildActionMask = 2147483647;
			files = (
				DAE9F76E19A6D73A007A909B /* 864x1536x80454a6c9eaed8f3301e52d.jpg in Resources */,
				DAE9F42F19A45749007A909B /* Images.xcassets in Resources */,
				DAE9F76A19A6D630007A909B /* iPhone-5-Gradient-Background-09.jpg in Resources */,
				DAE9F41E19A45749007A909B /* InfoPlist.strings in Resources */,
				DAE9F42719A45749007A909B /* Main.storyboard in Resources */,
				DAE9F76C19A6D690007A909B /* iPhone-5-Gradient-Background-03.jpg in Resources */,
			);
			runOnlyForDeploymentPostprocessing = 0;
		};
		DAE9F43219A45749007A909B /* Resources */ = {
			isa = PBXResourcesBuildPhase;
			buildActionMask = 2147483647;
			files = (
				DAE9F44019A45749007A909B /* InfoPlist.strings in Resources */,
			);
			runOnlyForDeploymentPostprocessing = 0;
		};
/* End PBXResourcesBuildPhase section */

/* Begin PBXSourcesBuildPhase section */
		DAE9F40C19A45749007A909B /* Sources */ = {
			isa = PBXSourcesBuildPhase;
			buildActionMask = 2147483647;
			files = (
				DAE9F42D19A45749007A909B /* SecondViewController.m in Sources */,
				DAE9F42419A45749007A909B /* AppDelegate.m in Sources */,
				DAE9F42A19A45749007A909B /* FirstViewController.m in Sources */,
				DAE9F42019A45749007A909B /* main.m in Sources */,
			);
			runOnlyForDeploymentPostprocessing = 0;
		};
		DAE9F43019A45749007A909B /* Sources */ = {
			isa = PBXSourcesBuildPhase;
			buildActionMask = 2147483647;
			files = (
				DAE9F44219A45749007A909B /* CycleAssist_Tests.m in Sources */,
			);
			runOnlyForDeploymentPostprocessing = 0;
		};
/* End PBXSourcesBuildPhase section */

/* Begin PBXTargetDependency section */
		DAE9F43A19A45749007A909B /* PBXTargetDependency */ = {
			isa = PBXTargetDependency;
			target = DAE9F40F19A45749007A909B /* CycleAssist! */;
			targetProxy = DAE9F43919A45749007A909B /* PBXContainerItemProxy */;
		};
/* End PBXTargetDependency section */

/* Begin PBXVariantGroup section */
		DAE9F41C19A45749007A909B /* InfoPlist.strings */ = {
			isa = PBXVariantGroup;
			children = (
				DAE9F41D19A45749007A909B /* en */,
			);
			name = InfoPlist.strings;
			sourceTree = "<group>";
		};
		DAE9F42519A45749007A909B /* Main.storyboard */ = {
			isa = PBXVariantGroup;
			children = (
				DAE9F42619A45749007A909B /* Base */,
			);
			name = Main.storyboard;
			sourceTree = "<group>";
		};
		DAE9F43E19A45749007A909B /* InfoPlist.strings */ = {
			isa = PBXVariantGroup;
			children = (
				DAE9F43F19A45749007A909B /* en */,
			);
			name = InfoPlist.strings;
			sourceTree = "<group>";
		};
/* End PBXVariantGroup section */

/* Begin XCBuildConfiguration section */
		DAE9F44319A45749007A909B /* Debug */ = {
			isa = XCBuildConfiguration;
			buildSettings = {
				ALWAYS_SEARCH_USER_PATHS = NO;
				CLANG_CXX_LANGUAGE_STANDARD = "gnu++0x";
				CLANG_CXX_LIBRARY = "libc++";
				CLANG_ENABLE_MODULES = YES;
				CLANG_ENABLE_OBJC_ARC = YES;
				CLANG_WARN_BOOL_CONVERSION = YES;
				CLANG_WARN_CONSTANT_CONVERSION = YES;
				CLANG_WARN_DIRECT_OBJC_ISA_USAGE = YES_ERROR;
				CLANG_WARN_EMPTY_BODY = YES;
				CLANG_WARN_ENUM_CONVERSION = YES;
				CLANG_WARN_INT_CONVERSION = YES;
				CLANG_WARN_OBJC_ROOT_CLASS = YES_ERROR;
				CLANG_WARN__DUPLICATE_METHOD_MATCH = YES;
				"CODE_SIGN_IDENTITY[sdk=iphoneos*]" = "iPhone Developer";
				COPY_PHASE_STRIP = NO;
				GCC_C_LANGUAGE_STANDARD = gnu99;
				GCC_DYNAMIC_NO_PIC = NO;
				GCC_OPTIMIZATION_LEVEL = 0;
				GCC_PREPROCESSOR_DEFINITIONS = (
					"DEBUG=1",
					"$(inherited)",
				);
				GCC_SYMBOLS_PRIVATE_EXTERN = NO;
				GCC_WARN_64_TO_32_BIT_CONVERSION = YES;
				GCC_WARN_ABOUT_RETURN_TYPE = YES_ERROR;
				GCC_WARN_UNDECLARED_SELECTOR = YES;
				GCC_WARN_UNINITIALIZED_AUTOS = YES_AGGRESSIVE;
				GCC_WARN_UNUSED_FUNCTION = YES;
				GCC_WARN_UNUSED_VARIABLE = YES;
				IPHONEOS_DEPLOYMENT_TARGET = 7.1;
				ONLY_ACTIVE_ARCH = YES;
				SDKROOT = iphoneos;
			};
			name = Debug;
		};
		DAE9F44419A45749007A909B /* Release */ = {
			isa = XCBuildConfiguration;
			buildSettings = {
				ALWAYS_SEARCH_USER_PATHS = NO;
				CLANG_CXX_LANGUAGE_STANDARD = "gnu++0x";
				CLANG_CXX_LIBRARY = "libc++";
				CLANG_ENABLE_MODULES = YES;
				CLANG_ENABLE_OBJC_ARC = YES;
				CLANG_WARN_BOOL_CONVERSION = YES;
				CLANG_WARN_CONSTANT_CONVERSION = YES;
				CLANG_WARN_DIRECT_OBJC_ISA_USAGE = YES_ERROR;
				CLANG_WARN_EMPTY_BODY = YES;
				CLANG_WARN_ENUM_CONVERSION = YES;
				CLANG_WARN_INT_CONVERSION = YES;
				CLANG_WARN_OBJC_ROOT_CLASS = YES_ERROR;
				CLANG_WARN__DUPLICATE_METHOD_MATCH = YES;
				"CODE_SIGN_IDENTITY[sdk=iphoneos*]" = "iPhone Developer";
				COPY_PHASE_STRIP = YES;
				ENABLE_NS_ASSERTIONS = NO;
				GCC_C_LANGUAGE_STANDARD = gnu99;
				GCC_WARN_64_TO_32_BIT_CONVERSION = YES;
				GCC_WARN_ABOUT_RETURN_TYPE = YES_ERROR;
				GCC_WARN_UNDECLARED_SELECTOR = YES;
				GCC_WARN_UNINITIALIZED_AUTOS = YES_AGGRESSIVE;
				GCC_WARN_UNUSED_FUNCTION = YES;
				GCC_WARN_UNUSED_VARIABLE = YES;
				IPHONEOS_DEPLOYMENT_TARGET = 7.1;
				SDKROOT = iphoneos;
				VALIDATE_PRODUCT = YES;
			};
			name = Release;
		};
		DAE9F44619A45749007A909B /* Debug */ = {
			isa = XCBuildConfiguration;
			buildSettings = {
				ASSETCATALOG_COMPILER_APPICON_NAME = AppIcon;
				ASSETCATALOG_COMPILER_LAUNCHIMAGE_NAME = LaunchImage;
				GCC_PRECOMPILE_PREFIX_HEADER = YES;
				GCC_PREFIX_HEADER = "CycleAssist!/CycleAssist!-Prefix.pch";
				INFOPLIST_FILE = "CycleAssist!/CycleAssist!-Info.plist";
				PRODUCT_NAME = "$(TARGET_NAME)";
				WRAPPER_EXTENSION = app;
			};
			name = Debug;
		};
		DAE9F44719A45749007A909B /* Release */ = {
			isa = XCBuildConfiguration;
			buildSettings = {
				ASSETCATALOG_COMPILER_APPICON_NAME = AppIcon;
				ASSETCATALOG_COMPILER_LAUNCHIMAGE_NAME = LaunchImage;
				GCC_PRECOMPILE_PREFIX_HEADER = YES;
				GCC_PREFIX_HEADER = "CycleAssist!/CycleAssist!-Prefix.pch";
				INFOPLIST_FILE = "CycleAssist!/CycleAssist!-Info.plist";
				PRODUCT_NAME = "$(TARGET_NAME)";
				WRAPPER_EXTENSION = app;
			};
			name = Release;
		};
		DAE9F44919A45749007A909B /* Debug */ = {
			isa = XCBuildConfiguration;
			buildSettings = {
				BUNDLE_LOADER = "$(BUILT_PRODUCTS_DIR)/CycleAssist!.app/CycleAssist!";
				FRAMEWORK_SEARCH_PATHS = (
					"$(SDKROOT)/Developer/Library/Frameworks",
					"$(inherited)",
					"$(DEVELOPER_FRAMEWORKS_DIR)",
				);
				GCC_PRECOMPILE_PREFIX_HEADER = YES;
				GCC_PREFIX_HEADER = "CycleAssist!/CycleAssist!-Prefix.pch";
				GCC_PREPROCESSOR_DEFINITIONS = (
					"DEBUG=1",
					"$(inherited)",
				);
				INFOPLIST_FILE = "CycleAssist!Tests/CycleAssist!Tests-Info.plist";
				PRODUCT_NAME = "$(TARGET_NAME)";
				TEST_HOST = "$(BUNDLE_LOADER)";
				WRAPPER_EXTENSION = xctest;
			};
			name = Debug;
		};
		DAE9F44A19A45749007A909B /* Release */ = {
			isa = XCBuildConfiguration;
			buildSettings = {
				BUNDLE_LOADER = "$(BUILT_PRODUCTS_DIR)/CycleAssist!.app/CycleAssist!";
				FRAMEWORK_SEARCH_PATHS = (
					"$(SDKROOT)/Developer/Library/Frameworks",
					"$(inherited)",
					"$(DEVELOPER_FRAMEWORKS_DIR)",
				);
				GCC_PRECOMPILE_PREFIX_HEADER = YES;
				GCC_PREFIX_HEADER = "CycleAssist!/CycleAssist!-Prefix.pch";
				INFOPLIST_FILE = "CycleAssist!Tests/CycleAssist!Tests-Info.plist";
				PRODUCT_NAME = "$(TARGET_NAME)";
				TEST_HOST = "$(BUNDLE_LOADER)";
				WRAPPER_EXTENSION = xctest;
			};
			name = Release;
		};
/* End XCBuildConfiguration section */

/* Begin XCConfigurationList section */
		DAE9F40B19A45749007A909B /* Build configuration list for PBXProject "CycleAssist!" */ = {
			isa = XCConfigurationList;
			buildConfigurations = (
				DAE9F44319A45749007A909B /* Debug */,
				DAE9F44419A45749007A909B /* Release */,
			);
			defaultConfigurationIsVisible = 0;
			defaultConfigurationName = Release;
		};
		DAE9F44519A45749007A909B /* Build configuration list for PBXNativeTarget "CycleAssist!" */ = {
			isa = XCConfigurationList;
			buildConfigurations = (
				DAE9F44619A45749007A909B /* Debug */,
				DAE9F44719A45749007A909B /* Release */,
			);
			defaultConfigurationIsVisible = 0;
			defaultConfigurationName = Release;
		};
		DAE9F44819A45749007A909B /* Build configuration list for PBXNativeTarget "CycleAssist!Tests" */ = {
			isa = XCConfigurationList;
			buildConfigurations = (
				DAE9F44919A45749007A909B /* Debug */,
				DAE9F44A19A45749007A909B /* Release */,
			);
			defaultConfigurationIsVisible = 0;
			defaultConfigurationName = Release;
		};
/* End XCConfigurationList section */
	};
	rootObject = DAE9F40819A45749007A909B /* Project object */;
}
