// !$*UTF8*$!
{
	archiveVersion = 1;
	classes = {
	};
	objectVersion = 46;
	objects = {

/* Begin PBXBuildFile section */
		DAE9F31919A32646007A909B /* Foundation.framework in Frameworks */ = {isa = PBXBuildFile; fileRef = DAE9F31819A32646007A909B /* Foundation.framework */; };
		DAE9F31B19A32646007A909B /* CoreGraphics.framework in Frameworks */ = {isa = PBXBuildFile; fileRef = DAE9F31A19A32646007A909B /* CoreGraphics.framework */; };
		DAE9F31D19A32646007A909B /* UIKit.framework in Frameworks */ = {isa = PBXBuildFile; fileRef = DAE9F31C19A32646007A909B /* UIKit.framework */; };
		DAE9F32319A32646007A909B /* InfoPlist.strings in Resources */ = {isa = PBXBuildFile; fileRef = DAE9F32119A32646007A909B /* InfoPlist.strings */; };
		DAE9F32519A32646007A909B /* main.m in Sources */ = {isa = PBXBuildFile; fileRef = DAE9F32419A32646007A909B /* main.m */; };
		DAE9F32919A32646007A909B /* AppDelegate.m in Sources */ = {isa = PBXBuildFile; fileRef = DAE9F32819A32646007A909B /* AppDelegate.m */; };
		DAE9F32C19A32646007A909B /* Main.storyboard in Resources */ = {isa = PBXBuildFile; fileRef = DAE9F32A19A32646007A909B /* Main.storyboard */; };
		DAE9F32F19A32646007A909B /* ViewController.m in Sources */ = {isa = PBXBuildFile; fileRef = DAE9F32E19A32646007A909B /* ViewController.m */; };
		DAE9F33119A32646007A909B /* Images.xcassets in Resources */ = {isa = PBXBuildFile; fileRef = DAE9F33019A32646007A909B /* Images.xcassets */; };
		DAE9F33819A32646007A909B /* XCTest.framework in Frameworks */ = {isa = PBXBuildFile; fileRef = DAE9F33719A32646007A909B /* XCTest.framework */; };
		DAE9F33919A32646007A909B /* Foundation.framework in Frameworks */ = {isa = PBXBuildFile; fileRef = DAE9F31819A32646007A909B /* Foundation.framework */; };
		DAE9F33A19A32646007A909B /* UIKit.framework in Frameworks */ = {isa = PBXBuildFile; fileRef = DAE9F31C19A32646007A909B /* UIKit.framework */; };
		DAE9F34219A32646007A909B /* InfoPlist.strings in Resources */ = {isa = PBXBuildFile; fileRef = DAE9F34019A32646007A909B /* InfoPlist.strings */; };
		DAE9F34419A32646007A909B /* MyForthAppTests.m in Sources */ = {isa = PBXBuildFile; fileRef = DAE9F34319A32646007A909B /* MyForthAppTests.m */; };
/* End PBXBuildFile section */

/* Begin PBXContainerItemProxy section */
		DAE9F33B19A32646007A909B /* PBXContainerItemProxy */ = {
			isa = PBXContainerItemProxy;
			containerPortal = DAE9F30D19A32646007A909B /* Project object */;
			proxyType = 1;
			remoteGlobalIDString = DAE9F31419A32646007A909B;
			remoteInfo = MyForthApp;
		};
/* End PBXContainerItemProxy section */

/* Begin PBXFileReference section */
		DAE9F31519A32646007A909B /* MyForthApp.app */ = {isa = PBXFileReference; explicitFileType = wrapper.application; includeInIndex = 0; path = MyForthApp.app; sourceTree = BUILT_PRODUCTS_DIR; };
		DAE9F31819A32646007A909B /* Foundation.framework */ = {isa = PBXFileReference; lastKnownFileType = wrapper.framework; name = Foundation.framework; path = System/Library/Frameworks/Foundation.framework; sourceTree = SDKROOT; };
		DAE9F31A19A32646007A909B /* CoreGraphics.framework */ = {isa = PBXFileReference; lastKnownFileType = wrapper.framework; name = CoreGraphics.framework; path = System/Library/Frameworks/CoreGraphics.framework; sourceTree = SDKROOT; };
		DAE9F31C19A32646007A909B /* UIKit.framework */ = {isa = PBXFileReference; lastKnownFileType = wrapper.framework; name = UIKit.framework; path = System/Library/Frameworks/UIKit.framework; sourceTree = SDKROOT; };
		DAE9F32019A32646007A909B /* MyForthApp-Info.plist */ = {isa = PBXFileReference; lastKnownFileType = text.plist.xml; path = "MyForthApp-Info.plist"; sourceTree = "<group>"; };
		DAE9F32219A32646007A909B /* en */ = {isa = PBXFileReference; lastKnownFileType = text.plist.strings; name = en; path = en.lproj/InfoPlist.strings; sourceTree = "<group>"; };
		DAE9F32419A32646007A909B /* main.m */ = {isa = PBXFileReference; lastKnownFileType = sourcecode.c.objc; path = main.m; sourceTree = "<group>"; };
		DAE9F32619A32646007A909B /* MyForthApp-Prefix.pch */ = {isa = PBXFileReference; lastKnownFileType = sourcecode.c.h; path = "MyForthApp-Prefix.pch"; sourceTree = "<group>"; };
		DAE9F32719A32646007A909B /* AppDelegate.h */ = {isa = PBXFileReference; lastKnownFileType = sourcecode.c.h; path = AppDelegate.h; sourceTree = "<group>"; };
		DAE9F32819A32646007A909B /* AppDelegate.m */ = {isa = PBXFileReference; lastKnownFileType = sourcecode.c.objc; path = AppDelegate.m; sourceTree = "<group>"; };
		DAE9F32B19A32646007A909B /* Base */ = {isa = PBXFileReference; lastKnownFileType = file.storyboard; name = Base; path = Base.lproj/Main.storyboard; sourceTree = "<group>"; };
		DAE9F32D19A32646007A909B /* ViewController.h */ = {isa = PBXFileReference; lastKnownFileType = sourcecode.c.h; path = ViewController.h; sourceTree = "<group>"; };
		DAE9F32E19A32646007A909B /* ViewController.m */ = {isa = PBXFileReference; lastKnownFileType = sourcecode.c.objc; path = ViewController.m; sourceTree = "<group>"; };
		DAE9F33019A32646007A909B /* Images.xcassets */ = {isa = PBXFileReference; lastKnownFileType = folder.assetcatalog; path = Images.xcassets; sourceTree = "<group>"; };
		DAE9F33619A32646007A909B /* MyForthAppTests.xctest */ = {isa = PBXFileReference; explicitFileType = wrapper.cfbundle; includeInIndex = 0; path = MyForthAppTests.xctest; sourceTree = BUILT_PRODUCTS_DIR; };
		DAE9F33719A32646007A909B /* XCTest.framework */ = {isa = PBXFileReference; lastKnownFileType = wrapper.framework; name = XCTest.framework; path = Library/Frameworks/XCTest.framework; sourceTree = DEVELOPER_DIR; };
		DAE9F33F19A32646007A909B /* MyForthAppTests-Info.plist */ = {isa = PBXFileReference; lastKnownFileType = text.plist.xml; path = "MyForthAppTests-Info.plist"; sourceTree = "<group>"; };
		DAE9F34119A32646007A909B /* en */ = {isa = PBXFileReference; lastKnownFileType = text.plist.strings; name = en; path = en.lproj/InfoPlist.strings; sourceTree = "<group>"; };
		DAE9F34319A32646007A909B /* MyForthAppTests.m */ = {isa = PBXFileReference; lastKnownFileType = sourcecode.c.objc; path = MyForthAppTests.m; sourceTree = "<group>"; };
/* End PBXFileReference section */

/* Begin PBXFrameworksBuildPhase section */
		DAE9F31219A32646007A909B /* Frameworks */ = {
			isa = PBXFrameworksBuildPhase;
			buildActionMask = 2147483647;
			files = (
				DAE9F31B19A32646007A909B /* CoreGraphics.framework in Frameworks */,
				DAE9F31D19A32646007A909B /* UIKit.framework in Frameworks */,
				DAE9F31919A32646007A909B /* Foundation.framework in Frameworks */,
			);
			runOnlyForDeploymentPostprocessing = 0;
		};
		DAE9F33319A32646007A909B /* Frameworks */ = {
			isa = PBXFrameworksBuildPhase;
			buildActionMask = 2147483647;
			files = (
				DAE9F33819A32646007A909B /* XCTest.framework in Frameworks */,
				DAE9F33A19A32646007A909B /* UIKit.framework in Frameworks */,
				DAE9F33919A32646007A909B /* Foundation.framework in Frameworks */,
			);
			runOnlyForDeploymentPostprocessing = 0;
		};
/* End PBXFrameworksBuildPhase section */

/* Begin PBXGroup section */
		DAE9F30C19A32646007A909B = {
			isa = PBXGroup;
			children = (
				DAE9F31E19A32646007A909B /* MyForthApp */,
				DAE9F33D19A32646007A909B /* MyForthAppTests */,
				DAE9F31719A32646007A909B /* Frameworks */,
				DAE9F31619A32646007A909B /* Products */,
			);
			sourceTree = "<group>";
		};
		DAE9F31619A32646007A909B /* Products */ = {
			isa = PBXGroup;
			children = (
				DAE9F31519A32646007A909B /* MyForthApp.app */,
				DAE9F33619A32646007A909B /* MyForthAppTests.xctest */,
			);
			name = Products;
			sourceTree = "<group>";
		};
		DAE9F31719A32646007A909B /* Frameworks */ = {
			isa = PBXGroup;
			children = (
				DAE9F31819A32646007A909B /* Foundation.framework */,
				DAE9F31A19A32646007A909B /* CoreGraphics.framework */,
				DAE9F31C19A32646007A909B /* UIKit.framework */,
				DAE9F33719A32646007A909B /* XCTest.framework */,
			);
			name = Frameworks;
			sourceTree = "<group>";
		};
		DAE9F31E19A32646007A909B /* MyForthApp */ = {
			isa = PBXGroup;
			children = (
				DAE9F32719A32646007A909B /* AppDelegate.h */,
				DAE9F32819A32646007A909B /* AppDelegate.m */,
				DAE9F32A19A32646007A909B /* Main.storyboard */,
				DAE9F32D19A32646007A909B /* ViewController.h */,
				DAE9F32E19A32646007A909B /* ViewController.m */,
				DAE9F33019A32646007A909B /* Images.xcassets */,
				DAE9F31F19A32646007A909B /* Supporting Files */,
			);
			path = MyForthApp;
			sourceTree = "<group>";
		};
		DAE9F31F19A32646007A909B /* Supporting Files */ = {
			isa = PBXGroup;
			children = (
				DAE9F32019A32646007A909B /* MyForthApp-Info.plist */,
				DAE9F32119A32646007A909B /* InfoPlist.strings */,
				DAE9F32419A32646007A909B /* main.m */,
				DAE9F32619A32646007A909B /* MyForthApp-Prefix.pch */,
			);
			name = "Supporting Files";
			sourceTree = "<group>";
		};
		DAE9F33D19A32646007A909B /* MyForthAppTests */ = {
			isa = PBXGroup;
			children = (
				DAE9F34319A32646007A909B /* MyForthAppTests.m */,
				DAE9F33E19A32646007A909B /* Supporting Files */,
			);
			path = MyForthAppTests;
			sourceTree = "<group>";
		};
		DAE9F33E19A32646007A909B /* Supporting Files */ = {
			isa = PBXGroup;
			children = (
				DAE9F33F19A32646007A909B /* MyForthAppTests-Info.plist */,
				DAE9F34019A32646007A909B /* InfoPlist.strings */,
			);
			name = "Supporting Files";
			sourceTree = "<group>";
		};
/* End PBXGroup section */

/* Begin PBXNativeTarget section */
		DAE9F31419A32646007A909B /* MyForthApp */ = {
			isa = PBXNativeTarget;
			buildConfigurationList = DAE9F34719A32646007A909B /* Build configuration list for PBXNativeTarget "MyForthApp" */;
			buildPhases = (
				DAE9F31119A32646007A909B /* Sources */,
				DAE9F31219A32646007A909B /* Frameworks */,
				DAE9F31319A32646007A909B /* Resources */,
			);
			buildRules = (
			);
			dependencies = (
			);
			name = MyForthApp;
			productName = MyForthApp;
			productReference = DAE9F31519A32646007A909B /* MyForthApp.app */;
			productType = "com.apple.product-type.application";
		};
		DAE9F33519A32646007A909B /* MyForthAppTests */ = {
			isa = PBXNativeTarget;
			buildConfigurationList = DAE9F34A19A32646007A909B /* Build configuration list for PBXNativeTarget "MyForthAppTests" */;
			buildPhases = (
				DAE9F33219A32646007A909B /* Sources */,
				DAE9F33319A32646007A909B /* Frameworks */,
				DAE9F33419A32646007A909B /* Resources */,
			);
			buildRules = (
			);
			dependencies = (
				DAE9F33C19A32646007A909B /* PBXTargetDependency */,
			);
			name = MyForthAppTests;
			productName = MyForthAppTests;
			productReference = DAE9F33619A32646007A909B /* MyForthAppTests.xctest */;
			productType = "com.apple.product-type.bundle.unit-test";
		};
/* End PBXNativeTarget section */

/* Begin PBXProject section */
		DAE9F30D19A32646007A909B /* Project object */ = {
			isa = PBXProject;
			attributes = {
				LastUpgradeCheck = 0510;
				ORGANIZATIONNAME = "荻原大輔";
				TargetAttributes = {
					DAE9F33519A32646007A909B = {
						TestTargetID = DAE9F31419A32646007A909B;
					};
				};
			};
			buildConfigurationList = DAE9F31019A32646007A909B /* Build configuration list for PBXProject "MyForthApp" */;
			compatibilityVersion = "Xcode 3.2";
			developmentRegion = English;
			hasScannedForEncodings = 0;
			knownRegions = (
				en,
				Base,
			);
			mainGroup = DAE9F30C19A32646007A909B;
			productRefGroup = DAE9F31619A32646007A909B /* Products */;
			projectDirPath = "";
			projectRoot = "";
			targets = (
				DAE9F31419A32646007A909B /* MyForthApp */,
				DAE9F33519A32646007A909B /* MyForthAppTests */,
			);
		};
/* End PBXProject section */

/* Begin PBXResourcesBuildPhase section */
		DAE9F31319A32646007A909B /* Resources */ = {
			isa = PBXResourcesBuildPhase;
			buildActionMask = 2147483647;
			files = (
				DAE9F33119A32646007A909B /* Images.xcassets in Resources */,
				DAE9F32319A32646007A909B /* InfoPlist.strings in Resources */,
				DAE9F32C19A32646007A909B /* Main.storyboard in Resources */,
			);
			runOnlyForDeploymentPostprocessing = 0;
		};
		DAE9F33419A32646007A909B /* Resources */ = {
			isa = PBXResourcesBuildPhase;
			buildActionMask = 2147483647;
			files = (
				DAE9F34219A32646007A909B /* InfoPlist.strings in Resources */,
			);
			runOnlyForDeploymentPostprocessing = 0;
		};
/* End PBXResourcesBuildPhase section */

/* Begin PBXSourcesBuildPhase section */
		DAE9F31119A32646007A909B /* Sources */ = {
			isa = PBXSourcesBuildPhase;
			buildActionMask = 2147483647;
			files = (
				DAE9F32F19A32646007A909B /* ViewController.m in Sources */,
				DAE9F32919A32646007A909B /* AppDelegate.m in Sources */,
				DAE9F32519A32646007A909B /* main.m in Sources */,
			);
			runOnlyForDeploymentPostprocessing = 0;
		};
		DAE9F33219A32646007A909B /* Sources */ = {
			isa = PBXSourcesBuildPhase;
			buildActionMask = 2147483647;
			files = (
				DAE9F34419A32646007A909B /* MyForthAppTests.m in Sources */,
			);
			runOnlyForDeploymentPostprocessing = 0;
		};
/* End PBXSourcesBuildPhase section */

/* Begin PBXTargetDependency section */
		DAE9F33C19A32646007A909B /* PBXTargetDependency */ = {
			isa = PBXTargetDependency;
			target = DAE9F31419A32646007A909B /* MyForthApp */;
			targetProxy = DAE9F33B19A32646007A909B /* PBXContainerItemProxy */;
		};
/* End PBXTargetDependency section */

/* Begin PBXVariantGroup section */
		DAE9F32119A32646007A909B /* InfoPlist.strings */ = {
			isa = PBXVariantGroup;
			children = (
				DAE9F32219A32646007A909B /* en */,
			);
			name = InfoPlist.strings;
			sourceTree = "<group>";
		};
		DAE9F32A19A32646007A909B /* Main.storyboard */ = {
			isa = PBXVariantGroup;
			children = (
				DAE9F32B19A32646007A909B /* Base */,
			);
			name = Main.storyboard;
			sourceTree = "<group>";
		};
		DAE9F34019A32646007A909B /* InfoPlist.strings */ = {
			isa = PBXVariantGroup;
			children = (
				DAE9F34119A32646007A909B /* en */,
			);
			name = InfoPlist.strings;
			sourceTree = "<group>";
		};
/* End PBXVariantGroup section */

/* Begin XCBuildConfiguration section */
		DAE9F34519A32646007A909B /* Debug */ = {
			isa = XCBuildConfiguration;
			buildSettings = {
				ALWAYS_SEARCH_USER_PATHS = NO;
				CLANG_CXX_LANGUAGE_STANDARD = "gnu++0x";
				CLANG_CXX_LIBRARY = "libc++";
				CLANG_ENABLE_MODULES = YES;
				CLANG_ENABLE_OBJC_ARC = YES;
				CLANG_WARN_BOOL_CONVERSION = YES;
				CLANG_WARN_CONSTANT_CONVERSION = YES;
				CLANG_WARN_DIRECT_OBJC_ISA_USAGE = YES_ERROR;
				CLANG_WARN_EMPTY_BODY = YES;
				CLANG_WARN_ENUM_CONVERSION = YES;
				CLANG_WARN_INT_CONVERSION = YES;
				CLANG_WARN_OBJC_ROOT_CLASS = YES_ERROR;
				CLANG_WARN__DUPLICATE_METHOD_MATCH = YES;
				"CODE_SIGN_IDENTITY[sdk=iphoneos*]" = "iPhone Developer";
				COPY_PHASE_STRIP = NO;
				GCC_C_LANGUAGE_STANDARD = gnu99;
				GCC_DYNAMIC_NO_PIC = NO;
				GCC_OPTIMIZATION_LEVEL = 0;
				GCC_PREPROCESSOR_DEFINITIONS = (
					"DEBUG=1",
					"$(inherited)",
				);
				GCC_SYMBOLS_PRIVATE_EXTERN = NO;
				GCC_WARN_64_TO_32_BIT_CONVERSION = YES;
				GCC_WARN_ABOUT_RETURN_TYPE = YES_ERROR;
				GCC_WARN_UNDECLARED_SELECTOR = YES;
				GCC_WARN_UNINITIALIZED_AUTOS = YES_AGGRESSIVE;
				GCC_WARN_UNUSED_FUNCTION = YES;
				GCC_WARN_UNUSED_VARIABLE = YES;
				IPHONEOS_DEPLOYMENT_TARGET = 7.1;
				ONLY_ACTIVE_ARCH = YES;
				SDKROOT = iphoneos;
			};
			name = Debug;
		};
		DAE9F34619A32646007A909B /* Release */ = {
			isa = XCBuildConfiguration;
			buildSettings = {
				ALWAYS_SEARCH_USER_PATHS = NO;
				CLANG_CXX_LANGUAGE_STANDARD = "gnu++0x";
				CLANG_CXX_LIBRARY = "libc++";
				CLANG_ENABLE_MODULES = YES;
				CLANG_ENABLE_OBJC_ARC = YES;
				CLANG_WARN_BOOL_CONVERSION = YES;
				CLANG_WARN_CONSTANT_CONVERSION = YES;
				CLANG_WARN_DIRECT_OBJC_ISA_USAGE = YES_ERROR;
				CLANG_WARN_EMPTY_BODY = YES;
				CLANG_WARN_ENUM_CONVERSION = YES;
				CLANG_WARN_INT_CONVERSION = YES;
				CLANG_WARN_OBJC_ROOT_CLASS = YES_ERROR;
				CLANG_WARN__DUPLICATE_METHOD_MATCH = YES;
				"CODE_SIGN_IDENTITY[sdk=iphoneos*]" = "iPhone Developer";
				COPY_PHASE_STRIP = YES;
				ENABLE_NS_ASSERTIONS = NO;
				GCC_C_LANGUAGE_STANDARD = gnu99;
				GCC_WARN_64_TO_32_BIT_CONVERSION = YES;
				GCC_WARN_ABOUT_RETURN_TYPE = YES_ERROR;
				GCC_WARN_UNDECLARED_SELECTOR = YES;
				GCC_WARN_UNINITIALIZED_AUTOS = YES_AGGRESSIVE;
				GCC_WARN_UNUSED_FUNCTION = YES;
				GCC_WARN_UNUSED_VARIABLE = YES;
				IPHONEOS_DEPLOYMENT_TARGET = 7.1;
				SDKROOT = iphoneos;
				VALIDATE_PRODUCT = YES;
			};
			name = Release;
		};
		DAE9F34819A32646007A909B /* Debug */ = {
			isa = XCBuildConfiguration;
			buildSettings = {
				ASSETCATALOG_COMPILER_APPICON_NAME = AppIcon;
				ASSETCATALOG_COMPILER_LAUNCHIMAGE_NAME = LaunchImage;
				GCC_PRECOMPILE_PREFIX_HEADER = YES;
				GCC_PREFIX_HEADER = "MyForthApp/MyForthApp-Prefix.pch";
				INFOPLIST_FILE = "MyForthApp/MyForthApp-Info.plist";
				PRODUCT_NAME = "$(TARGET_NAME)";
				WRAPPER_EXTENSION = app;
			};
			name = Debug;
		};
		DAE9F34919A32646007A909B /* Release */ = {
			isa = XCBuildConfiguration;
			buildSettings = {
				ASSETCATALOG_COMPILER_APPICON_NAME = AppIcon;
				ASSETCATALOG_COMPILER_LAUNCHIMAGE_NAME = LaunchImage;
				GCC_PRECOMPILE_PREFIX_HEADER = YES;
				GCC_PREFIX_HEADER = "MyForthApp/MyForthApp-Prefix.pch";
				INFOPLIST_FILE = "MyForthApp/MyForthApp-Info.plist";
				PRODUCT_NAME = "$(TARGET_NAME)";
				WRAPPER_EXTENSION = app;
			};
			name = Release;
		};
		DAE9F34B19A32646007A909B /* Debug */ = {
			isa = XCBuildConfiguration;
			buildSettings = {
				BUNDLE_LOADER = "$(BUILT_PRODUCTS_DIR)/MyForthApp.app/MyForthApp";
				FRAMEWORK_SEARCH_PATHS = (
					"$(SDKROOT)/Developer/Library/Frameworks",
					"$(inherited)",
					"$(DEVELOPER_FRAMEWORKS_DIR)",
				);
				GCC_PRECOMPILE_PREFIX_HEADER = YES;
				GCC_PREFIX_HEADER = "MyForthApp/MyForthApp-Prefix.pch";
				GCC_PREPROCESSOR_DEFINITIONS = (
					"DEBUG=1",
					"$(inherited)",
				);
				INFOPLIST_FILE = "MyForthAppTests/MyForthAppTests-Info.plist";
				PRODUCT_NAME = "$(TARGET_NAME)";
				TEST_HOST = "$(BUNDLE_LOADER)";
				WRAPPER_EXTENSION = xctest;
			};
			name = Debug;
		};
		DAE9F34C19A32646007A909B /* Release */ = {
			isa = XCBuildConfiguration;
			buildSettings = {
				BUNDLE_LOADER = "$(BUILT_PRODUCTS_DIR)/MyForthApp.app/MyForthApp";
				FRAMEWORK_SEARCH_PATHS = (
					"$(SDKROOT)/Developer/Library/Frameworks",
					"$(inherited)",
					"$(DEVELOPER_FRAMEWORKS_DIR)",
				);
				GCC_PRECOMPILE_PREFIX_HEADER = YES;
				GCC_PREFIX_HEADER = "MyForthApp/MyForthApp-Prefix.pch";
				INFOPLIST_FILE = "MyForthAppTests/MyForthAppTests-Info.plist";
				PRODUCT_NAME = "$(TARGET_NAME)";
				TEST_HOST = "$(BUNDLE_LOADER)";
				WRAPPER_EXTENSION = xctest;
			};
			name = Release;
		};
/* End XCBuildConfiguration section */

/* Begin XCConfigurationList section */
		DAE9F31019A32646007A909B /* Build configuration list for PBXProject "MyForthApp" */ = {
			isa = XCConfigurationList;
			buildConfigurations = (
				DAE9F34519A32646007A909B /* Debug */,
				DAE9F34619A32646007A909B /* Release */,
			);
			defaultConfigurationIsVisible = 0;
			defaultConfigurationName = Release;
		};
		DAE9F34719A32646007A909B /* Build configuration list for PBXNativeTarget "MyForthApp" */ = {
			isa = XCConfigurationList;
			buildConfigurations = (
				DAE9F34819A32646007A909B /* Debug */,
				DAE9F34919A32646007A909B /* Release */,
			);
			defaultConfigurationIsVisible = 0;
		};
		DAE9F34A19A32646007A909B /* Build configuration list for PBXNativeTarget "MyForthAppTests" */ = {
			isa = XCConfigurationList;
			buildConfigurations = (
				DAE9F34B19A32646007A909B /* Debug */,
				DAE9F34C19A32646007A909B /* Release */,
			);
			defaultConfigurationIsVisible = 0;
		};
/* End XCConfigurationList section */
	};
	rootObject = DAE9F30D19A32646007A909B /* Project object */;
}
