// !$*UTF8*$!
{
	archiveVersion = 1;
	classes = {
	};
	objectVersion = 46;
	objects = {

/* Begin PBXBuildFile section */
		DAE9F23019A0AE3A007A909B /* Foundation.framework in Frameworks */ = {isa = PBXBuildFile; fileRef = DAE9F22F19A0AE3A007A909B /* Foundation.framework */; };
		DAE9F23219A0AE3A007A909B /* CoreGraphics.framework in Frameworks */ = {isa = PBXBuildFile; fileRef = DAE9F23119A0AE3A007A909B /* CoreGraphics.framework */; };
		DAE9F23419A0AE3A007A909B /* UIKit.framework in Frameworks */ = {isa = PBXBuildFile; fileRef = DAE9F23319A0AE3A007A909B /* UIKit.framework */; };
		DAE9F23A19A0AE3A007A909B /* InfoPlist.strings in Resources */ = {isa = PBXBuildFile; fileRef = DAE9F23819A0AE3A007A909B /* InfoPlist.strings */; };
		DAE9F23C19A0AE3A007A909B /* main.m in Sources */ = {isa = PBXBuildFile; fileRef = DAE9F23B19A0AE3A007A909B /* main.m */; };
		DAE9F24019A0AE3A007A909B /* AppDelegate.m in Sources */ = {isa = PBXBuildFile; fileRef = DAE9F23F19A0AE3A007A909B /* AppDelegate.m */; };
		DAE9F24319A0AE3A007A909B /* Main.storyboard in Resources */ = {isa = PBXBuildFile; fileRef = DAE9F24119A0AE3A007A909B /* Main.storyboard */; };
		DAE9F24619A0AE3A007A909B /* ViewController.m in Sources */ = {isa = PBXBuildFile; fileRef = DAE9F24519A0AE3A007A909B /* ViewController.m */; };
		DAE9F24819A0AE3A007A909B /* Images.xcassets in Resources */ = {isa = PBXBuildFile; fileRef = DAE9F24719A0AE3A007A909B /* Images.xcassets */; };
		DAE9F24F19A0AE3A007A909B /* XCTest.framework in Frameworks */ = {isa = PBXBuildFile; fileRef = DAE9F24E19A0AE3A007A909B /* XCTest.framework */; };
		DAE9F25019A0AE3A007A909B /* Foundation.framework in Frameworks */ = {isa = PBXBuildFile; fileRef = DAE9F22F19A0AE3A007A909B /* Foundation.framework */; };
		DAE9F25119A0AE3A007A909B /* UIKit.framework in Frameworks */ = {isa = PBXBuildFile; fileRef = DAE9F23319A0AE3A007A909B /* UIKit.framework */; };
		DAE9F25919A0AE3A007A909B /* InfoPlist.strings in Resources */ = {isa = PBXBuildFile; fileRef = DAE9F25719A0AE3A007A909B /* InfoPlist.strings */; };
		DAE9F25B19A0AE3A007A909B /* MyVeryThirdAppTests.m in Sources */ = {isa = PBXBuildFile; fileRef = DAE9F25A19A0AE3A007A909B /* MyVeryThirdAppTests.m */; };
		DAE9F26519A0B08E007A909B /* icon.png in Resources */ = {isa = PBXBuildFile; fileRef = DAE9F26419A0B08E007A909B /* icon.png */; };
/* End PBXBuildFile section */

/* Begin PBXContainerItemProxy section */
		DAE9F25219A0AE3A007A909B /* PBXContainerItemProxy */ = {
			isa = PBXContainerItemProxy;
			containerPortal = DAE9F22419A0AE3A007A909B /* Project object */;
			proxyType = 1;
			remoteGlobalIDString = DAE9F22B19A0AE3A007A909B;
			remoteInfo = MyVeryThirdApp;
		};
/* End PBXContainerItemProxy section */

/* Begin PBXFileReference section */
		DAE9F22C19A0AE3A007A909B /* MyVeryThirdApp.app */ = {isa = PBXFileReference; explicitFileType = wrapper.application; includeInIndex = 0; path = MyVeryThirdApp.app; sourceTree = BUILT_PRODUCTS_DIR; };
		DAE9F22F19A0AE3A007A909B /* Foundation.framework */ = {isa = PBXFileReference; lastKnownFileType = wrapper.framework; name = Foundation.framework; path = System/Library/Frameworks/Foundation.framework; sourceTree = SDKROOT; };
		DAE9F23119A0AE3A007A909B /* CoreGraphics.framework */ = {isa = PBXFileReference; lastKnownFileType = wrapper.framework; name = CoreGraphics.framework; path = System/Library/Frameworks/CoreGraphics.framework; sourceTree = SDKROOT; };
		DAE9F23319A0AE3A007A909B /* UIKit.framework */ = {isa = PBXFileReference; lastKnownFileType = wrapper.framework; name = UIKit.framework; path = System/Library/Frameworks/UIKit.framework; sourceTree = SDKROOT; };
		DAE9F23719A0AE3A007A909B /* MyVeryThirdApp-Info.plist */ = {isa = PBXFileReference; lastKnownFileType = text.plist.xml; path = "MyVeryThirdApp-Info.plist"; sourceTree = "<group>"; };
		DAE9F23919A0AE3A007A909B /* en */ = {isa = PBXFileReference; lastKnownFileType = text.plist.strings; name = en; path = en.lproj/InfoPlist.strings; sourceTree = "<group>"; };
		DAE9F23B19A0AE3A007A909B /* main.m */ = {isa = PBXFileReference; lastKnownFileType = sourcecode.c.objc; path = main.m; sourceTree = "<group>"; };
		DAE9F23D19A0AE3A007A909B /* MyVeryThirdApp-Prefix.pch */ = {isa = PBXFileReference; lastKnownFileType = sourcecode.c.h; path = "MyVeryThirdApp-Prefix.pch"; sourceTree = "<group>"; };
		DAE9F23E19A0AE3A007A909B /* AppDelegate.h */ = {isa = PBXFileReference; lastKnownFileType = sourcecode.c.h; path = AppDelegate.h; sourceTree = "<group>"; };
		DAE9F23F19A0AE3A007A909B /* AppDelegate.m */ = {isa = PBXFileReference; lastKnownFileType = sourcecode.c.objc; path = AppDelegate.m; sourceTree = "<group>"; };
		DAE9F24219A0AE3A007A909B /* Base */ = {isa = PBXFileReference; lastKnownFileType = file.storyboard; name = Base; path = Base.lproj/Main.storyboard; sourceTree = "<group>"; };
		DAE9F24419A0AE3A007A909B /* ViewController.h */ = {isa = PBXFileReference; lastKnownFileType = sourcecode.c.h; path = ViewController.h; sourceTree = "<group>"; };
		DAE9F24519A0AE3A007A909B /* ViewController.m */ = {isa = PBXFileReference; lastKnownFileType = sourcecode.c.objc; path = ViewController.m; sourceTree = "<group>"; };
		DAE9F24719A0AE3A007A909B /* Images.xcassets */ = {isa = PBXFileReference; lastKnownFileType = folder.assetcatalog; path = Images.xcassets; sourceTree = "<group>"; };
		DAE9F24D19A0AE3A007A909B /* MyVeryThirdAppTests.xctest */ = {isa = PBXFileReference; explicitFileType = wrapper.cfbundle; includeInIndex = 0; path = MyVeryThirdAppTests.xctest; sourceTree = BUILT_PRODUCTS_DIR; };
		DAE9F24E19A0AE3A007A909B /* XCTest.framework */ = {isa = PBXFileReference; lastKnownFileType = wrapper.framework; name = XCTest.framework; path = Library/Frameworks/XCTest.framework; sourceTree = DEVELOPER_DIR; };
		DAE9F25619A0AE3A007A909B /* MyVeryThirdAppTests-Info.plist */ = {isa = PBXFileReference; lastKnownFileType = text.plist.xml; path = "MyVeryThirdAppTests-Info.plist"; sourceTree = "<group>"; };
		DAE9F25819A0AE3A007A909B /* en */ = {isa = PBXFileReference; lastKnownFileType = text.plist.strings; name = en; path = en.lproj/InfoPlist.strings; sourceTree = "<group>"; };
		DAE9F25A19A0AE3A007A909B /* MyVeryThirdAppTests.m */ = {isa = PBXFileReference; lastKnownFileType = sourcecode.c.objc; path = MyVeryThirdAppTests.m; sourceTree = "<group>"; };
		DAE9F26419A0B08E007A909B /* icon.png */ = {isa = PBXFileReference; lastKnownFileType = image.png; path = icon.png; sourceTree = "<group>"; };
/* End PBXFileReference section */

/* Begin PBXFrameworksBuildPhase section */
		DAE9F22919A0AE3A007A909B /* Frameworks */ = {
			isa = PBXFrameworksBuildPhase;
			buildActionMask = 2147483647;
			files = (
				DAE9F23219A0AE3A007A909B /* CoreGraphics.framework in Frameworks */,
				DAE9F23419A0AE3A007A909B /* UIKit.framework in Frameworks */,
				DAE9F23019A0AE3A007A909B /* Foundation.framework in Frameworks */,
			);
			runOnlyForDeploymentPostprocessing = 0;
		};
		DAE9F24A19A0AE3A007A909B /* Frameworks */ = {
			isa = PBXFrameworksBuildPhase;
			buildActionMask = 2147483647;
			files = (
				DAE9F24F19A0AE3A007A909B /* XCTest.framework in Frameworks */,
				DAE9F25119A0AE3A007A909B /* UIKit.framework in Frameworks */,
				DAE9F25019A0AE3A007A909B /* Foundation.framework in Frameworks */,
			);
			runOnlyForDeploymentPostprocessing = 0;
		};
/* End PBXFrameworksBuildPhase section */

/* Begin PBXGroup section */
		DAE9F22319A0AE3A007A909B = {
			isa = PBXGroup;
			children = (
				DAE9F26419A0B08E007A909B /* icon.png */,
				DAE9F23519A0AE3A007A909B /* MyVeryThirdApp */,
				DAE9F25419A0AE3A007A909B /* MyVeryThirdAppTests */,
				DAE9F22E19A0AE3A007A909B /* Frameworks */,
				DAE9F22D19A0AE3A007A909B /* Products */,
			);
			sourceTree = "<group>";
		};
		DAE9F22D19A0AE3A007A909B /* Products */ = {
			isa = PBXGroup;
			children = (
				DAE9F22C19A0AE3A007A909B /* MyVeryThirdApp.app */,
				DAE9F24D19A0AE3A007A909B /* MyVeryThirdAppTests.xctest */,
			);
			name = Products;
			sourceTree = "<group>";
		};
		DAE9F22E19A0AE3A007A909B /* Frameworks */ = {
			isa = PBXGroup;
			children = (
				DAE9F22F19A0AE3A007A909B /* Foundation.framework */,
				DAE9F23119A0AE3A007A909B /* CoreGraphics.framework */,
				DAE9F23319A0AE3A007A909B /* UIKit.framework */,
				DAE9F24E19A0AE3A007A909B /* XCTest.framework */,
			);
			name = Frameworks;
			sourceTree = "<group>";
		};
		DAE9F23519A0AE3A007A909B /* MyVeryThirdApp */ = {
			isa = PBXGroup;
			children = (
				DAE9F23E19A0AE3A007A909B /* AppDelegate.h */,
				DAE9F23F19A0AE3A007A909B /* AppDelegate.m */,
				DAE9F24119A0AE3A007A909B /* Main.storyboard */,
				DAE9F24419A0AE3A007A909B /* ViewController.h */,
				DAE9F24519A0AE3A007A909B /* ViewController.m */,
				DAE9F24719A0AE3A007A909B /* Images.xcassets */,
				DAE9F23619A0AE3A007A909B /* Supporting Files */,
			);
			path = MyVeryThirdApp;
			sourceTree = "<group>";
		};
		DAE9F23619A0AE3A007A909B /* Supporting Files */ = {
			isa = PBXGroup;
			children = (
				DAE9F23719A0AE3A007A909B /* MyVeryThirdApp-Info.plist */,
				DAE9F23819A0AE3A007A909B /* InfoPlist.strings */,
				DAE9F23B19A0AE3A007A909B /* main.m */,
				DAE9F23D19A0AE3A007A909B /* MyVeryThirdApp-Prefix.pch */,
			);
			name = "Supporting Files";
			sourceTree = "<group>";
		};
		DAE9F25419A0AE3A007A909B /* MyVeryThirdAppTests */ = {
			isa = PBXGroup;
			children = (
				DAE9F25A19A0AE3A007A909B /* MyVeryThirdAppTests.m */,
				DAE9F25519A0AE3A007A909B /* Supporting Files */,
			);
			path = MyVeryThirdAppTests;
			sourceTree = "<group>";
		};
		DAE9F25519A0AE3A007A909B /* Supporting Files */ = {
			isa = PBXGroup;
			children = (
				DAE9F25619A0AE3A007A909B /* MyVeryThirdAppTests-Info.plist */,
				DAE9F25719A0AE3A007A909B /* InfoPlist.strings */,
			);
			name = "Supporting Files";
			sourceTree = "<group>";
		};
/* End PBXGroup section */

/* Begin PBXNativeTarget section */
		DAE9F22B19A0AE3A007A909B /* MyVeryThirdApp */ = {
			isa = PBXNativeTarget;
			buildConfigurationList = DAE9F25E19A0AE3A007A909B /* Build configuration list for PBXNativeTarget "MyVeryThirdApp" */;
			buildPhases = (
				DAE9F22819A0AE3A007A909B /* Sources */,
				DAE9F22919A0AE3A007A909B /* Frameworks */,
				DAE9F22A19A0AE3A007A909B /* Resources */,
			);
			buildRules = (
			);
			dependencies = (
			);
			name = MyVeryThirdApp;
			productName = MyVeryThirdApp;
			productReference = DAE9F22C19A0AE3A007A909B /* MyVeryThirdApp.app */;
			productType = "com.apple.product-type.application";
		};
		DAE9F24C19A0AE3A007A909B /* MyVeryThirdAppTests */ = {
			isa = PBXNativeTarget;
			buildConfigurationList = DAE9F26119A0AE3A007A909B /* Build configuration list for PBXNativeTarget "MyVeryThirdAppTests" */;
			buildPhases = (
				DAE9F24919A0AE3A007A909B /* Sources */,
				DAE9F24A19A0AE3A007A909B /* Frameworks */,
				DAE9F24B19A0AE3A007A909B /* Resources */,
			);
			buildRules = (
			);
			dependencies = (
				DAE9F25319A0AE3A007A909B /* PBXTargetDependency */,
			);
			name = MyVeryThirdAppTests;
			productName = MyVeryThirdAppTests;
			productReference = DAE9F24D19A0AE3A007A909B /* MyVeryThirdAppTests.xctest */;
			productType = "com.apple.product-type.bundle.unit-test";
		};
/* End PBXNativeTarget section */

/* Begin PBXProject section */
		DAE9F22419A0AE3A007A909B /* Project object */ = {
			isa = PBXProject;
			attributes = {
				LastUpgradeCheck = 0510;
				ORGANIZATIONNAME = "荻原大輔";
				TargetAttributes = {
					DAE9F24C19A0AE3A007A909B = {
						TestTargetID = DAE9F22B19A0AE3A007A909B;
					};
				};
			};
			buildConfigurationList = DAE9F22719A0AE3A007A909B /* Build configuration list for PBXProject "MyVeryThirdApp" */;
			compatibilityVersion = "Xcode 3.2";
			developmentRegion = English;
			hasScannedForEncodings = 0;
			knownRegions = (
				en,
				Base,
			);
			mainGroup = DAE9F22319A0AE3A007A909B;
			productRefGroup = DAE9F22D19A0AE3A007A909B /* Products */;
			projectDirPath = "";
			projectRoot = "";
			targets = (
				DAE9F22B19A0AE3A007A909B /* MyVeryThirdApp */,
				DAE9F24C19A0AE3A007A909B /* MyVeryThirdAppTests */,
			);
		};
/* End PBXProject section */

/* Begin PBXResourcesBuildPhase section */
		DAE9F22A19A0AE3A007A909B /* Resources */ = {
			isa = PBXResourcesBuildPhase;
			buildActionMask = 2147483647;
			files = (
				DAE9F26519A0B08E007A909B /* icon.png in Resources */,
				DAE9F24819A0AE3A007A909B /* Images.xcassets in Resources */,
				DAE9F23A19A0AE3A007A909B /* InfoPlist.strings in Resources */,
				DAE9F24319A0AE3A007A909B /* Main.storyboard in Resources */,
			);
			runOnlyForDeploymentPostprocessing = 0;
		};
		DAE9F24B19A0AE3A007A909B /* Resources */ = {
			isa = PBXResourcesBuildPhase;
			buildActionMask = 2147483647;
			files = (
				DAE9F25919A0AE3A007A909B /* InfoPlist.strings in Resources */,
			);
			runOnlyForDeploymentPostprocessing = 0;
		};
/* End PBXResourcesBuildPhase section */

/* Begin PBXSourcesBuildPhase section */
		DAE9F22819A0AE3A007A909B /* Sources */ = {
			isa = PBXSourcesBuildPhase;
			buildActionMask = 2147483647;
			files = (
				DAE9F24619A0AE3A007A909B /* ViewController.m in Sources */,
				DAE9F24019A0AE3A007A909B /* AppDelegate.m in Sources */,
				DAE9F23C19A0AE3A007A909B /* main.m in Sources */,
			);
			runOnlyForDeploymentPostprocessing = 0;
		};
		DAE9F24919A0AE3A007A909B /* Sources */ = {
			isa = PBXSourcesBuildPhase;
			buildActionMask = 2147483647;
			files = (
				DAE9F25B19A0AE3A007A909B /* MyVeryThirdAppTests.m in Sources */,
			);
			runOnlyForDeploymentPostprocessing = 0;
		};
/* End PBXSourcesBuildPhase section */

/* Begin PBXTargetDependency section */
		DAE9F25319A0AE3A007A909B /* PBXTargetDependency */ = {
			isa = PBXTargetDependency;
			target = DAE9F22B19A0AE3A007A909B /* MyVeryThirdApp */;
			targetProxy = DAE9F25219A0AE3A007A909B /* PBXContainerItemProxy */;
		};
/* End PBXTargetDependency section */

/* Begin PBXVariantGroup section */
		DAE9F23819A0AE3A007A909B /* InfoPlist.strings */ = {
			isa = PBXVariantGroup;
			children = (
				DAE9F23919A0AE3A007A909B /* en */,
			);
			name = InfoPlist.strings;
			sourceTree = "<group>";
		};
		DAE9F24119A0AE3A007A909B /* Main.storyboard */ = {
			isa = PBXVariantGroup;
			children = (
				DAE9F24219A0AE3A007A909B /* Base */,
			);
			name = Main.storyboard;
			sourceTree = "<group>";
		};
		DAE9F25719A0AE3A007A909B /* InfoPlist.strings */ = {
			isa = PBXVariantGroup;
			children = (
				DAE9F25819A0AE3A007A909B /* en */,
			);
			name = InfoPlist.strings;
			sourceTree = "<group>";
		};
/* End PBXVariantGroup section */

/* Begin XCBuildConfiguration section */
		DAE9F25C19A0AE3A007A909B /* Debug */ = {
			isa = XCBuildConfiguration;
			buildSettings = {
				ALWAYS_SEARCH_USER_PATHS = NO;
				CLANG_CXX_LANGUAGE_STANDARD = "gnu++0x";
				CLANG_CXX_LIBRARY = "libc++";
				CLANG_ENABLE_MODULES = YES;
				CLANG_ENABLE_OBJC_ARC = YES;
				CLANG_WARN_BOOL_CONVERSION = YES;
				CLANG_WARN_CONSTANT_CONVERSION = YES;
				CLANG_WARN_DIRECT_OBJC_ISA_USAGE = YES_ERROR;
				CLANG_WARN_EMPTY_BODY = YES;
				CLANG_WARN_ENUM_CONVERSION = YES;
				CLANG_WARN_INT_CONVERSION = YES;
				CLANG_WARN_OBJC_ROOT_CLASS = YES_ERROR;
				CLANG_WARN__DUPLICATE_METHOD_MATCH = YES;
				"CODE_SIGN_IDENTITY[sdk=iphoneos*]" = "iPhone Developer";
				COPY_PHASE_STRIP = NO;
				GCC_C_LANGUAGE_STANDARD = gnu99;
				GCC_DYNAMIC_NO_PIC = NO;
				GCC_OPTIMIZATION_LEVEL = 0;
				GCC_PREPROCESSOR_DEFINITIONS = (
					"DEBUG=1",
					"$(inherited)",
				);
				GCC_SYMBOLS_PRIVATE_EXTERN = NO;
				GCC_WARN_64_TO_32_BIT_CONVERSION = YES;
				GCC_WARN_ABOUT_RETURN_TYPE = YES_ERROR;
				GCC_WARN_UNDECLARED_SELECTOR = YES;
				GCC_WARN_UNINITIALIZED_AUTOS = YES_AGGRESSIVE;
				GCC_WARN_UNUSED_FUNCTION = YES;
				GCC_WARN_UNUSED_VARIABLE = YES;
				IPHONEOS_DEPLOYMENT_TARGET = 7.1;
				ONLY_ACTIVE_ARCH = YES;
				SDKROOT = iphoneos;
			};
			name = Debug;
		};
		DAE9F25D19A0AE3A007A909B /* Release */ = {
			isa = XCBuildConfiguration;
			buildSettings = {
				ALWAYS_SEARCH_USER_PATHS = NO;
				CLANG_CXX_LANGUAGE_STANDARD = "gnu++0x";
				CLANG_CXX_LIBRARY = "libc++";
				CLANG_ENABLE_MODULES = YES;
				CLANG_ENABLE_OBJC_ARC = YES;
				CLANG_WARN_BOOL_CONVERSION = YES;
				CLANG_WARN_CONSTANT_CONVERSION = YES;
				CLANG_WARN_DIRECT_OBJC_ISA_USAGE = YES_ERROR;
				CLANG_WARN_EMPTY_BODY = YES;
				CLANG_WARN_ENUM_CONVERSION = YES;
				CLANG_WARN_INT_CONVERSION = YES;
				CLANG_WARN_OBJC_ROOT_CLASS = YES_ERROR;
				CLANG_WARN__DUPLICATE_METHOD_MATCH = YES;
				"CODE_SIGN_IDENTITY[sdk=iphoneos*]" = "iPhone Developer";
				COPY_PHASE_STRIP = YES;
				ENABLE_NS_ASSERTIONS = NO;
				GCC_C_LANGUAGE_STANDARD = gnu99;
				GCC_WARN_64_TO_32_BIT_CONVERSION = YES;
				GCC_WARN_ABOUT_RETURN_TYPE = YES_ERROR;
				GCC_WARN_UNDECLARED_SELECTOR = YES;
				GCC_WARN_UNINITIALIZED_AUTOS = YES_AGGRESSIVE;
				GCC_WARN_UNUSED_FUNCTION = YES;
				GCC_WARN_UNUSED_VARIABLE = YES;
				IPHONEOS_DEPLOYMENT_TARGET = 7.1;
				SDKROOT = iphoneos;
				VALIDATE_PRODUCT = YES;
			};
			name = Release;
		};
		DAE9F25F19A0AE3A007A909B /* Debug */ = {
			isa = XCBuildConfiguration;
			buildSettings = {
				ASSETCATALOG_COMPILER_APPICON_NAME = AppIcon;
				ASSETCATALOG_COMPILER_LAUNCHIMAGE_NAME = LaunchImage;
				GCC_PRECOMPILE_PREFIX_HEADER = YES;
				GCC_PREFIX_HEADER = "MyVeryThirdApp/MyVeryThirdApp-Prefix.pch";
				INFOPLIST_FILE = "MyVeryThirdApp/MyVeryThirdApp-Info.plist";
				PRODUCT_NAME = "$(TARGET_NAME)";
				WRAPPER_EXTENSION = app;
			};
			name = Debug;
		};
		DAE9F26019A0AE3A007A909B /* Release */ = {
			isa = XCBuildConfiguration;
			buildSettings = {
				ASSETCATALOG_COMPILER_APPICON_NAME = AppIcon;
				ASSETCATALOG_COMPILER_LAUNCHIMAGE_NAME = LaunchImage;
				GCC_PRECOMPILE_PREFIX_HEADER = YES;
				GCC_PREFIX_HEADER = "MyVeryThirdApp/MyVeryThirdApp-Prefix.pch";
				INFOPLIST_FILE = "MyVeryThirdApp/MyVeryThirdApp-Info.plist";
				PRODUCT_NAME = "$(TARGET_NAME)";
				WRAPPER_EXTENSION = app;
			};
			name = Release;
		};
		DAE9F26219A0AE3A007A909B /* Debug */ = {
			isa = XCBuildConfiguration;
			buildSettings = {
				BUNDLE_LOADER = "$(BUILT_PRODUCTS_DIR)/MyVeryThirdApp.app/MyVeryThirdApp";
				FRAMEWORK_SEARCH_PATHS = (
					"$(SDKROOT)/Developer/Library/Frameworks",
					"$(inherited)",
					"$(DEVELOPER_FRAMEWORKS_DIR)",
				);
				GCC_PRECOMPILE_PREFIX_HEADER = YES;
				GCC_PREFIX_HEADER = "MyVeryThirdApp/MyVeryThirdApp-Prefix.pch";
				GCC_PREPROCESSOR_DEFINITIONS = (
					"DEBUG=1",
					"$(inherited)",
				);
				INFOPLIST_FILE = "MyVeryThirdAppTests/MyVeryThirdAppTests-Info.plist";
				PRODUCT_NAME = "$(TARGET_NAME)";
				TEST_HOST = "$(BUNDLE_LOADER)";
				WRAPPER_EXTENSION = xctest;
			};
			name = Debug;
		};
		DAE9F26319A0AE3A007A909B /* Release */ = {
			isa = XCBuildConfiguration;
			buildSettings = {
				BUNDLE_LOADER = "$(BUILT_PRODUCTS_DIR)/MyVeryThirdApp.app/MyVeryThirdApp";
				FRAMEWORK_SEARCH_PATHS = (
					"$(SDKROOT)/Developer/Library/Frameworks",
					"$(inherited)",
					"$(DEVELOPER_FRAMEWORKS_DIR)",
				);
				GCC_PRECOMPILE_PREFIX_HEADER = YES;
				GCC_PREFIX_HEADER = "MyVeryThirdApp/MyVeryThirdApp-Prefix.pch";
				INFOPLIST_FILE = "MyVeryThirdAppTests/MyVeryThirdAppTests-Info.plist";
				PRODUCT_NAME = "$(TARGET_NAME)";
				TEST_HOST = "$(BUNDLE_LOADER)";
				WRAPPER_EXTENSION = xctest;
			};
			name = Release;
		};
/* End XCBuildConfiguration section */

/* Begin XCConfigurationList section */
		DAE9F22719A0AE3A007A909B /* Build configuration list for PBXProject "MyVeryThirdApp" */ = {
			isa = XCConfigurationList;
			buildConfigurations = (
				DAE9F25C19A0AE3A007A909B /* Debug */,
				DAE9F25D19A0AE3A007A909B /* Release */,
			);
			defaultConfigurationIsVisible = 0;
			defaultConfigurationName = Release;
		};
		DAE9F25E19A0AE3A007A909B /* Build configuration list for PBXNativeTarget "MyVeryThirdApp" */ = {
			isa = XCConfigurationList;
			buildConfigurations = (
				DAE9F25F19A0AE3A007A909B /* Debug */,
				DAE9F26019A0AE3A007A909B /* Release */,
			);
			defaultConfigurationIsVisible = 0;
			defaultConfigurationName = Release;
		};
		DAE9F26119A0AE3A007A909B /* Build configuration list for PBXNativeTarget "MyVeryThirdAppTests" */ = {
			isa = XCConfigurationList;
			buildConfigurations = (
				DAE9F26219A0AE3A007A909B /* Debug */,
				DAE9F26319A0AE3A007A909B /* Release */,
			);
			defaultConfigurationIsVisible = 0;
			defaultConfigurationName = Release;
		};
/* End XCConfigurationList section */
	};
	rootObject = DAE9F22419A0AE3A007A909B /* Project object */;
}
